// !$*UTF8*$!
{
	archiveVersion = 1;
	classes = {
	};
	objectVersion = 50;
	objects = {

/* Begin PBXBuildFile section */
		3F0791F7250553BD002C22CD /* ViewController.swift in Sources */ = {isa = PBXBuildFile; fileRef = 3F0791F1250553BD002C22CD /* ViewController.swift */; };
		3F5640452503730700696E49 /* AppDelegate.swift in Sources */ = {isa = PBXBuildFile; fileRef = 3F5640442503730700696E49 /* AppDelegate.swift */; };
		3F5640472503730700696E49 /* GameScene.sks in Resources */ = {isa = PBXBuildFile; fileRef = 3F5640462503730700696E49 /* GameScene.sks */; };
		3F5640502503730700696E49 /* Main.storyboard in Resources */ = {isa = PBXBuildFile; fileRef = 3F56404E2503730700696E49 /* Main.storyboard */; };
		3F5640522503730C00696E49 /* Assets.xcassets in Resources */ = {isa = PBXBuildFile; fileRef = 3F5640512503730C00696E49 /* Assets.xcassets */; };
		3F5640602503730D00696E49 /* iOSweepTests.swift in Sources */ = {isa = PBXBuildFile; fileRef = 3F56405F2503730D00696E49 /* iOSweepTests.swift */; };
		3F56406B2503730D00696E49 /* iOSweepUITests.swift in Sources */ = {isa = PBXBuildFile; fileRef = 3F56406A2503730D00696E49 /* iOSweepUITests.swift */; };
		3F7865F32506A98100C2F105 /* Response.swift in Sources */ = {isa = PBXBuildFile; fileRef = 3F7865F22506A98100C2F105 /* Response.swift */; };
		3FE4D52D250409DD00DD43C8 /* Tiles.sks in Resources */ = {isa = PBXBuildFile; fileRef = 3FE4D52C250409DC00DD43C8 /* Tiles.sks */; };
		3FEFCFFA2505C27D00905411 /* Tile.swift in Sources */ = {isa = PBXBuildFile; fileRef = 3FEFCFF92505C27D00905411 /* Tile.swift */; };
		3FEFCFFD2505C3F800905411 /* Board.swift in Sources */ = {isa = PBXBuildFile; fileRef = 3FEFCFFC2505C3F800905411 /* Board.swift */; };
		3FEFCFFF2505CEF800905411 /* Game.swift in Sources */ = {isa = PBXBuildFile; fileRef = 3FEFCFFE2505CEF800905411 /* Game.swift */; };
/* End PBXBuildFile section */

/* Begin PBXContainerItemProxy section */
		3F56405C2503730D00696E49 /* PBXContainerItemProxy */ = {
			isa = PBXContainerItemProxy;
			containerPortal = 3F5640392503730700696E49 /* Project object */;
			proxyType = 1;
			remoteGlobalIDString = 3F5640402503730700696E49;
			remoteInfo = iOSweep;
		};
		3F5640672503730D00696E49 /* PBXContainerItemProxy */ = {
			isa = PBXContainerItemProxy;
			containerPortal = 3F5640392503730700696E49 /* Project object */;
			proxyType = 1;
			remoteGlobalIDString = 3F5640402503730700696E49;
			remoteInfo = iOSweep;
		};
/* End PBXContainerItemProxy section */

/* Begin PBXFileReference section */
		3F0791F1250553BD002C22CD /* ViewController.swift */ = {isa = PBXFileReference; lastKnownFileType = sourcecode.swift; path = ViewController.swift; sourceTree = "<group>"; };
		3F5640412503730700696E49 /* iOSweep.app */ = {isa = PBXFileReference; explicitFileType = wrapper.application; includeInIndex = 0; path = iOSweep.app; sourceTree = BUILT_PRODUCTS_DIR; };
		3F5640442503730700696E49 /* AppDelegate.swift */ = {isa = PBXFileReference; lastKnownFileType = sourcecode.swift; path = AppDelegate.swift; sourceTree = "<group>"; };
		3F5640462503730700696E49 /* GameScene.sks */ = {isa = PBXFileReference; lastKnownFileType = file.sks; path = GameScene.sks; sourceTree = "<group>"; };
		3F56404F2503730700696E49 /* Base */ = {isa = PBXFileReference; lastKnownFileType = file.storyboard; name = Base; path = Base.lproj/Main.storyboard; sourceTree = "<group>"; };
		3F5640512503730C00696E49 /* Assets.xcassets */ = {isa = PBXFileReference; lastKnownFileType = folder.assetcatalog; path = Assets.xcassets; sourceTree = "<group>"; };
		3F5640562503730C00696E49 /* Info.plist */ = {isa = PBXFileReference; lastKnownFileType = text.plist.xml; path = Info.plist; sourceTree = "<group>"; };
		3F56405B2503730D00696E49 /* iOSweepTests.xctest */ = {isa = PBXFileReference; explicitFileType = wrapper.cfbundle; includeInIndex = 0; path = iOSweepTests.xctest; sourceTree = BUILT_PRODUCTS_DIR; };
		3F56405F2503730D00696E49 /* iOSweepTests.swift */ = {isa = PBXFileReference; lastKnownFileType = sourcecode.swift; path = iOSweepTests.swift; sourceTree = "<group>"; };
		3F5640612503730D00696E49 /* Info.plist */ = {isa = PBXFileReference; lastKnownFileType = text.plist.xml; path = Info.plist; sourceTree = "<group>"; };
		3F5640662503730D00696E49 /* iOSweepUITests.xctest */ = {isa = PBXFileReference; explicitFileType = wrapper.cfbundle; includeInIndex = 0; path = iOSweepUITests.xctest; sourceTree = BUILT_PRODUCTS_DIR; };
		3F56406A2503730D00696E49 /* iOSweepUITests.swift */ = {isa = PBXFileReference; lastKnownFileType = sourcecode.swift; path = iOSweepUITests.swift; sourceTree = "<group>"; };
		3F56406C2503730D00696E49 /* Info.plist */ = {isa = PBXFileReference; lastKnownFileType = text.plist.xml; path = Info.plist; sourceTree = "<group>"; };
		3F7865F22506A98100C2F105 /* Response.swift */ = {isa = PBXFileReference; lastKnownFileType = sourcecode.swift; path = Response.swift; sourceTree = "<group>"; };
		3FE4D52C250409DC00DD43C8 /* Tiles.sks */ = {isa = PBXFileReference; lastKnownFileType = file.sks; path = Tiles.sks; sourceTree = "<group>"; };
		3FEFCFF92505C27D00905411 /* Tile.swift */ = {isa = PBXFileReference; lastKnownFileType = sourcecode.swift; path = Tile.swift; sourceTree = "<group>"; };
		3FEFCFFC2505C3F800905411 /* Board.swift */ = {isa = PBXFileReference; lastKnownFileType = sourcecode.swift; path = Board.swift; sourceTree = "<group>"; };
		3FEFCFFE2505CEF800905411 /* Game.swift */ = {isa = PBXFileReference; lastKnownFileType = sourcecode.swift; path = Game.swift; sourceTree = "<group>"; };
/* End PBXFileReference section */

/* Begin PBXFrameworksBuildPhase section */
		3F56403E2503730700696E49 /* Frameworks */ = {
			isa = PBXFrameworksBuildPhase;
			buildActionMask = 2147483647;
			files = (
			);
			runOnlyForDeploymentPostprocessing = 0;
		};
		3F5640582503730D00696E49 /* Frameworks */ = {
			isa = PBXFrameworksBuildPhase;
			buildActionMask = 2147483647;
			files = (
			);
			runOnlyForDeploymentPostprocessing = 0;
		};
		3F5640632503730D00696E49 /* Frameworks */ = {
			isa = PBXFrameworksBuildPhase;
			buildActionMask = 2147483647;
			files = (
			);
			runOnlyForDeploymentPostprocessing = 0;
		};
/* End PBXFrameworksBuildPhase section */

/* Begin PBXGroup section */
		3F5640382503730700696E49 = {
			isa = PBXGroup;
			children = (
				3F5640432503730700696E49 /* iOSweep */,
				3F56405E2503730D00696E49 /* iOSweepTests */,
				3F5640692503730D00696E49 /* iOSweepUITests */,
				3F5640422503730700696E49 /* Products */,
			);
			sourceTree = "<group>";
		};
		3F5640422503730700696E49 /* Products */ = {
			isa = PBXGroup;
			children = (
				3F5640412503730700696E49 /* iOSweep.app */,
				3F56405B2503730D00696E49 /* iOSweepTests.xctest */,
				3F5640662503730D00696E49 /* iOSweepUITests.xctest */,
			);
			name = Products;
			sourceTree = "<group>";
		};
		3F5640432503730700696E49 /* iOSweep */ = {
			isa = PBXGroup;
			children = (
				3FE4D52C250409DC00DD43C8 /* Tiles.sks */,
				3F5640462503730700696E49 /* GameScene.sks */,
				3F0791F1250553BD002C22CD /* ViewController.swift */,
				3FEFCFFE2505CEF800905411 /* Game.swift */,
				3FEFCFFB2505C28000905411 /* Models */,
				3F5640442503730700696E49 /* AppDelegate.swift */,
				3F56404E2503730700696E49 /* Main.storyboard */,
				3F5640512503730C00696E49 /* Assets.xcassets */,
				3F5640562503730C00696E49 /* Info.plist */,
			);
			path = iOSweep;
			sourceTree = "<group>";
		};
		3F56405E2503730D00696E49 /* iOSweepTests */ = {
			isa = PBXGroup;
			children = (
				3F56405F2503730D00696E49 /* iOSweepTests.swift */,
				3F5640612503730D00696E49 /* Info.plist */,
			);
			path = iOSweepTests;
			sourceTree = "<group>";
		};
		3F5640692503730D00696E49 /* iOSweepUITests */ = {
			isa = PBXGroup;
			children = (
				3F56406A2503730D00696E49 /* iOSweepUITests.swift */,
				3F56406C2503730D00696E49 /* Info.plist */,
			);
			path = iOSweepUITests;
			sourceTree = "<group>";
		};
		3FEFCFFB2505C28000905411 /* Models */ = {
			isa = PBXGroup;
			children = (
				3F7865F22506A98100C2F105 /* Response.swift */,
				3FEFCFF92505C27D00905411 /* Tile.swift */,
				3FEFCFFC2505C3F800905411 /* Board.swift */,
			);
			path = Models;
			sourceTree = "<group>";
		};
/* End PBXGroup section */

/* Begin PBXNativeTarget section */
		3F5640402503730700696E49 /* iOSweep */ = {
			isa = PBXNativeTarget;
			buildConfigurationList = 3F56406F2503730D00696E49 /* Build configuration list for PBXNativeTarget "iOSweep" */;
			buildPhases = (
				3F56403D2503730700696E49 /* Sources */,
				3F56403E2503730700696E49 /* Frameworks */,
				3F56403F2503730700696E49 /* Resources */,
			);
			buildRules = (
			);
			dependencies = (
			);
			name = iOSweep;
			productName = iOSweep;
			productReference = 3F5640412503730700696E49 /* iOSweep.app */;
			productType = "com.apple.product-type.application";
		};
		3F56405A2503730D00696E49 /* iOSweepTests */ = {
			isa = PBXNativeTarget;
			buildConfigurationList = 3F5640722503730D00696E49 /* Build configuration list for PBXNativeTarget "iOSweepTests" */;
			buildPhases = (
				3F5640572503730D00696E49 /* Sources */,
				3F5640582503730D00696E49 /* Frameworks */,
				3F5640592503730D00696E49 /* Resources */,
			);
			buildRules = (
			);
			dependencies = (
				3F56405D2503730D00696E49 /* PBXTargetDependency */,
			);
			name = iOSweepTests;
			productName = iOSweepTests;
			productReference = 3F56405B2503730D00696E49 /* iOSweepTests.xctest */;
			productType = "com.apple.product-type.bundle.unit-test";
		};
		3F5640652503730D00696E49 /* iOSweepUITests */ = {
			isa = PBXNativeTarget;
			buildConfigurationList = 3F5640752503730D00696E49 /* Build configuration list for PBXNativeTarget "iOSweepUITests" */;
			buildPhases = (
				3F5640622503730D00696E49 /* Sources */,
				3F5640632503730D00696E49 /* Frameworks */,
				3F5640642503730D00696E49 /* Resources */,
			);
			buildRules = (
			);
			dependencies = (
				3F5640682503730D00696E49 /* PBXTargetDependency */,
			);
			name = iOSweepUITests;
			productName = iOSweepUITests;
			productReference = 3F5640662503730D00696E49 /* iOSweepUITests.xctest */;
			productType = "com.apple.product-type.bundle.ui-testing";
		};
/* End PBXNativeTarget section */

/* Begin PBXProject section */
		3F5640392503730700696E49 /* Project object */ = {
			isa = PBXProject;
			attributes = {
				LastSwiftUpdateCheck = 1170;
				LastUpgradeCheck = 1170;
				ORGANIZATIONNAME = "Ryan Ayers";
				TargetAttributes = {
					3F5640402503730700696E49 = {
						CreatedOnToolsVersion = 11.7;
					};
					3F56405A2503730D00696E49 = {
						CreatedOnToolsVersion = 11.7;
						TestTargetID = 3F5640402503730700696E49;
					};
					3F5640652503730D00696E49 = {
						CreatedOnToolsVersion = 11.7;
						TestTargetID = 3F5640402503730700696E49;
					};
				};
			};
			buildConfigurationList = 3F56403C2503730700696E49 /* Build configuration list for PBXProject "iOSweep" */;
			compatibilityVersion = "Xcode 9.3";
			developmentRegion = en;
			hasScannedForEncodings = 0;
			knownRegions = (
				en,
				Base,
			);
			mainGroup = 3F5640382503730700696E49;
			productRefGroup = 3F5640422503730700696E49 /* Products */;
			projectDirPath = "";
			projectRoot = "";
			targets = (
				3F5640402503730700696E49 /* iOSweep */,
				3F56405A2503730D00696E49 /* iOSweepTests */,
				3F5640652503730D00696E49 /* iOSweepUITests */,
			);
		};
/* End PBXProject section */

/* Begin PBXResourcesBuildPhase section */
		3F56403F2503730700696E49 /* Resources */ = {
			isa = PBXResourcesBuildPhase;
			buildActionMask = 2147483647;
			files = (
				3F5640502503730700696E49 /* Main.storyboard in Resources */,
				3F5640472503730700696E49 /* GameScene.sks in Resources */,
				3F5640522503730C00696E49 /* Assets.xcassets in Resources */,
				3FE4D52D250409DD00DD43C8 /* Tiles.sks in Resources */,
			);
			runOnlyForDeploymentPostprocessing = 0;
		};
		3F5640592503730D00696E49 /* Resources */ = {
			isa = PBXResourcesBuildPhase;
			buildActionMask = 2147483647;
			files = (
			);
			runOnlyForDeploymentPostprocessing = 0;
		};
		3F5640642503730D00696E49 /* Resources */ = {
			isa = PBXResourcesBuildPhase;
			buildActionMask = 2147483647;
			files = (
			);
			runOnlyForDeploymentPostprocessing = 0;
		};
/* End PBXResourcesBuildPhase section */

/* Begin PBXSourcesBuildPhase section */
		3F56403D2503730700696E49 /* Sources */ = {
			isa = PBXSourcesBuildPhase;
			buildActionMask = 2147483647;
			files = (
				3F0791F7250553BD002C22CD /* ViewController.swift in Sources */,
				3FEFCFFF2505CEF800905411 /* Game.swift in Sources */,
				3FEFCFFA2505C27D00905411 /* Tile.swift in Sources */,
				3FEFCFFD2505C3F800905411 /* Board.swift in Sources */,
				3F7865F32506A98100C2F105 /* Response.swift in Sources */,
				3F5640452503730700696E49 /* AppDelegate.swift in Sources */,
			);
			runOnlyForDeploymentPostprocessing = 0;
		};
		3F5640572503730D00696E49 /* Sources */ = {
			isa = PBXSourcesBuildPhase;
			buildActionMask = 2147483647;
			files = (
				3F5640602503730D00696E49 /* iOSweepTests.swift in Sources */,
			);
			runOnlyForDeploymentPostprocessing = 0;
		};
		3F5640622503730D00696E49 /* Sources */ = {
			isa = PBXSourcesBuildPhase;
			buildActionMask = 2147483647;
			files = (
				3F56406B2503730D00696E49 /* iOSweepUITests.swift in Sources */,
			);
			runOnlyForDeploymentPostprocessing = 0;
		};
/* End PBXSourcesBuildPhase section */

/* Begin PBXTargetDependency section */
		3F56405D2503730D00696E49 /* PBXTargetDependency */ = {
			isa = PBXTargetDependency;
			target = 3F5640402503730700696E49 /* iOSweep */;
			targetProxy = 3F56405C2503730D00696E49 /* PBXContainerItemProxy */;
		};
		3F5640682503730D00696E49 /* PBXTargetDependency */ = {
			isa = PBXTargetDependency;
			target = 3F5640402503730700696E49 /* iOSweep */;
			targetProxy = 3F5640672503730D00696E49 /* PBXContainerItemProxy */;
		};
/* End PBXTargetDependency section */

/* Begin PBXVariantGroup section */
		3F56404E2503730700696E49 /* Main.storyboard */ = {
			isa = PBXVariantGroup;
			children = (
				3F56404F2503730700696E49 /* Base */,
			);
			name = Main.storyboard;
			sourceTree = "<group>";
		};
/* End PBXVariantGroup section */

/* Begin XCBuildConfiguration section */
		3F56406D2503730D00696E49 /* Debug */ = {
			isa = XCBuildConfiguration;
			buildSettings = {
				ALWAYS_SEARCH_USER_PATHS = NO;
				CLANG_ANALYZER_NONNULL = YES;
				CLANG_ANALYZER_NUMBER_OBJECT_CONVERSION = YES_AGGRESSIVE;
				CLANG_CXX_LANGUAGE_STANDARD = "gnu++14";
				CLANG_CXX_LIBRARY = "libc++";
				CLANG_ENABLE_MODULES = YES;
				CLANG_ENABLE_OBJC_ARC = YES;
				CLANG_ENABLE_OBJC_WEAK = YES;
				CLANG_WARN_BLOCK_CAPTURE_AUTORELEASING = YES;
				CLANG_WARN_BOOL_CONVERSION = YES;
				CLANG_WARN_COMMA = YES;
				CLANG_WARN_CONSTANT_CONVERSION = YES;
				CLANG_WARN_DEPRECATED_OBJC_IMPLEMENTATIONS = YES;
				CLANG_WARN_DIRECT_OBJC_ISA_USAGE = YES_ERROR;
				CLANG_WARN_DOCUMENTATION_COMMENTS = YES;
				CLANG_WARN_EMPTY_BODY = YES;
				CLANG_WARN_ENUM_CONVERSION = YES;
				CLANG_WARN_INFINITE_RECURSION = YES;
				CLANG_WARN_INT_CONVERSION = YES;
				CLANG_WARN_NON_LITERAL_NULL_CONVERSION = YES;
				CLANG_WARN_OBJC_IMPLICIT_RETAIN_SELF = YES;
				CLANG_WARN_OBJC_LITERAL_CONVERSION = YES;
				CLANG_WARN_OBJC_ROOT_CLASS = YES_ERROR;
				CLANG_WARN_RANGE_LOOP_ANALYSIS = YES;
				CLANG_WARN_STRICT_PROTOTYPES = YES;
				CLANG_WARN_SUSPICIOUS_MOVE = YES;
				CLANG_WARN_UNGUARDED_AVAILABILITY = YES_AGGRESSIVE;
				CLANG_WARN_UNREACHABLE_CODE = YES;
				CLANG_WARN__DUPLICATE_METHOD_MATCH = YES;
				COPY_PHASE_STRIP = NO;
				DEBUG_INFORMATION_FORMAT = dwarf;
				ENABLE_STRICT_OBJC_MSGSEND = YES;
				ENABLE_TESTABILITY = YES;
				GCC_C_LANGUAGE_STANDARD = gnu11;
				GCC_DYNAMIC_NO_PIC = NO;
				GCC_NO_COMMON_BLOCKS = YES;
				GCC_OPTIMIZATION_LEVEL = 0;
				GCC_PREPROCESSOR_DEFINITIONS = (
					"DEBUG=1",
					"$(inherited)",
				);
				GCC_WARN_64_TO_32_BIT_CONVERSION = YES;
				GCC_WARN_ABOUT_RETURN_TYPE = YES_ERROR;
				GCC_WARN_UNDECLARED_SELECTOR = YES;
				GCC_WARN_UNINITIALIZED_AUTOS = YES_AGGRESSIVE;
				GCC_WARN_UNUSED_FUNCTION = YES;
				GCC_WARN_UNUSED_VARIABLE = YES;
				IPHONEOS_DEPLOYMENT_TARGET = 13.7;
				MTL_ENABLE_DEBUG_INFO = INCLUDE_SOURCE;
				MTL_FAST_MATH = YES;
				ONLY_ACTIVE_ARCH = YES;
				SDKROOT = iphoneos;
				SWIFT_ACTIVE_COMPILATION_CONDITIONS = DEBUG;
				SWIFT_OPTIMIZATION_LEVEL = "-Onone";
			};
			name = Debug;
		};
		3F56406E2503730D00696E49 /* Release */ = {
			isa = XCBuildConfiguration;
			buildSettings = {
				ALWAYS_SEARCH_USER_PATHS = NO;
				CLANG_ANALYZER_NONNULL = YES;
				CLANG_ANALYZER_NUMBER_OBJECT_CONVERSION = YES_AGGRESSIVE;
				CLANG_CXX_LANGUAGE_STANDARD = "gnu++14";
				CLANG_CXX_LIBRARY = "libc++";
				CLANG_ENABLE_MODULES = YES;
				CLANG_ENABLE_OBJC_ARC = YES;
				CLANG_ENABLE_OBJC_WEAK = YES;
				CLANG_WARN_BLOCK_CAPTURE_AUTORELEASING = YES;
				CLANG_WARN_BOOL_CONVERSION = YES;
				CLANG_WARN_COMMA = YES;
				CLANG_WARN_CONSTANT_CONVERSION = YES;
				CLANG_WARN_DEPRECATED_OBJC_IMPLEMENTATIONS = YES;
				CLANG_WARN_DIRECT_OBJC_ISA_USAGE = YES_ERROR;
				CLANG_WARN_DOCUMENTATION_COMMENTS = YES;
				CLANG_WARN_EMPTY_BODY = YES;
				CLANG_WARN_ENUM_CONVERSION = YES;
				CLANG_WARN_INFINITE_RECURSION = YES;
				CLANG_WARN_INT_CONVERSION = YES;
				CLANG_WARN_NON_LITERAL_NULL_CONVERSION = YES;
				CLANG_WARN_OBJC_IMPLICIT_RETAIN_SELF = YES;
				CLANG_WARN_OBJC_LITERAL_CONVERSION = YES;
				CLANG_WARN_OBJC_ROOT_CLASS = YES_ERROR;
				CLANG_WARN_RANGE_LOOP_ANALYSIS = YES;
				CLANG_WARN_STRICT_PROTOTYPES = YES;
				CLANG_WARN_SUSPICIOUS_MOVE = YES;
				CLANG_WARN_UNGUARDED_AVAILABILITY = YES_AGGRESSIVE;
				CLANG_WARN_UNREACHABLE_CODE = YES;
				CLANG_WARN__DUPLICATE_METHOD_MATCH = YES;
				COPY_PHASE_STRIP = NO;
				DEBUG_INFORMATION_FORMAT = "dwarf-with-dsym";
				ENABLE_NS_ASSERTIONS = NO;
				ENABLE_STRICT_OBJC_MSGSEND = YES;
				GCC_C_LANGUAGE_STANDARD = gnu11;
				GCC_NO_COMMON_BLOCKS = YES;
				GCC_WARN_64_TO_32_BIT_CONVERSION = YES;
				GCC_WARN_ABOUT_RETURN_TYPE = YES_ERROR;
				GCC_WARN_UNDECLARED_SELECTOR = YES;
				GCC_WARN_UNINITIALIZED_AUTOS = YES_AGGRESSIVE;
				GCC_WARN_UNUSED_FUNCTION = YES;
				GCC_WARN_UNUSED_VARIABLE = YES;
				IPHONEOS_DEPLOYMENT_TARGET = 13.7;
				MTL_ENABLE_DEBUG_INFO = NO;
				MTL_FAST_MATH = YES;
				SDKROOT = iphoneos;
				SWIFT_COMPILATION_MODE = wholemodule;
				SWIFT_OPTIMIZATION_LEVEL = "-O";
				VALIDATE_PRODUCT = YES;
			};
			name = Release;
		};
		3F5640702503730D00696E49 /* Debug */ = {
			isa = XCBuildConfiguration;
			buildSettings = {
				ASSETCATALOG_COMPILER_APPICON_NAME = AppIcon;
				CODE_SIGN_STYLE = Automatic;
				DEVELOPMENT_TEAM = YLX9LXB8Y6;
				INFOPLIST_FILE = iOSweep/Info.plist;
				IPHONEOS_DEPLOYMENT_TARGET = 13.7;
				LD_RUNPATH_SEARCH_PATHS = (
					"$(inherited)",
					"@executable_path/Frameworks",
				);
				PRODUCT_BUNDLE_IDENTIFIER = rcayers.iOSweep;
				PRODUCT_NAME = "$(TARGET_NAME)";
				SWIFT_VERSION = 5.0;
				TARGETED_DEVICE_FAMILY = "1,2";
			};
			name = Debug;
		};
		3F5640712503730D00696E49 /* Release */ = {
			isa = XCBuildConfiguration;
			buildSettings = {
				ASSETCATALOG_COMPILER_APPICON_NAME = AppIcon;
				CODE_SIGN_STYLE = Automatic;
				DEVELOPMENT_TEAM = YLX9LXB8Y6;
				INFOPLIST_FILE = iOSweep/Info.plist;
				IPHONEOS_DEPLOYMENT_TARGET = 13.7;
				LD_RUNPATH_SEARCH_PATHS = (
					"$(inherited)",
					"@executable_path/Frameworks",
				);
				PRODUCT_BUNDLE_IDENTIFIER = rcayers.iOSweep;
				PRODUCT_NAME = "$(TARGET_NAME)";
				SWIFT_VERSION = 5.0;
				TARGETED_DEVICE_FAMILY = "1,2";
			};
			name = Release;
		};
		3F5640732503730D00696E49 /* Debug */ = {
			isa = XCBuildConfiguration;
			buildSettings = {
				ALWAYS_EMBED_SWIFT_STANDARD_LIBRARIES = YES;
				BUNDLE_LOADER = "$(TEST_HOST)";
				CODE_SIGN_STYLE = Automatic;
				DEVELOPMENT_TEAM = YLX9LXB8Y6;
				INFOPLIST_FILE = iOSweepTests/Info.plist;
				IPHONEOS_DEPLOYMENT_TARGET = 13.7;
				LD_RUNPATH_SEARCH_PATHS = (
					"$(inherited)",
					"@executable_path/Frameworks",
					"@loader_path/Frameworks",
				);
				PRODUCT_BUNDLE_IDENTIFIER = rcayers.iOSweepTests;
				PRODUCT_NAME = "$(TARGET_NAME)";
				SWIFT_VERSION = 5.0;
				TARGETED_DEVICE_FAMILY = "1,2";
				TEST_HOST = "$(BUILT_PRODUCTS_DIR)/iOSweep.app/iOSweep";
			};
			name = Debug;
		};
		3F5640742503730D00696E49 /* Release */ = {
			isa = XCBuildConfiguration;
			buildSettings = {
				ALWAYS_EMBED_SWIFT_STANDARD_LIBRARIES = YES;
				BUNDLE_LOADER = "$(TEST_HOST)";
				CODE_SIGN_STYLE = Automatic;
				DEVELOPMENT_TEAM = YLX9LXB8Y6;
				INFOPLIST_FILE = iOSweepTests/Info.plist;
				IPHONEOS_DEPLOYMENT_TARGET = 13.7;
				LD_RUNPATH_SEARCH_PATHS = (
					"$(inherited)",
					"@executable_path/Frameworks",
					"@loader_path/Frameworks",
				);
				PRODUCT_BUNDLE_IDENTIFIER = rcayers.iOSweepTests;
				PRODUCT_NAME = "$(TARGET_NAME)";
				SWIFT_VERSION = 5.0;
				TARGETED_DEVICE_FAMILY = "1,2";
				TEST_HOST = "$(BUILT_PRODUCTS_DIR)/iOSweep.app/iOSweep";
			};
			name = Release;
		};
		3F5640762503730D00696E49 /* Debug */ = {
			isa = XCBuildConfiguration;
			buildSettings = {
				ALWAYS_EMBED_SWIFT_STANDARD_LIBRARIES = YES;
				CODE_SIGN_STYLE = Automatic;
				DEVELOPMENT_TEAM = YLX9LXB8Y6;
				INFOPLIST_FILE = iOSweepUITests/Info.plist;
				LD_RUNPATH_SEARCH_PATHS = (
					"$(inherited)",
					"@executable_path/Frameworks",
					"@loader_path/Frameworks",
				);
				PRODUCT_BUNDLE_IDENTIFIER = rcayers.iOSweepUITests;
				PRODUCT_NAME = "$(TARGET_NAME)";
				SWIFT_VERSION = 5.0;
				TARGETED_DEVICE_FAMILY = "1,2";
				TEST_TARGET_NAME = iOSweep;
			};
			name = Debug;
		};
		3F5640772503730D00696E49 /* Release */ = {
			isa = XCBuildConfiguration;
			buildSettings = {
				ALWAYS_EMBED_SWIFT_STANDARD_LIBRARIES = YES;
				CODE_SIGN_STYLE = Automatic;
				DEVELOPMENT_TEAM = YLX9LXB8Y6;
				INFOPLIST_FILE = iOSweepUITests/Info.plist;
				LD_RUNPATH_SEARCH_PATHS = (
					"$(inherited)",
					"@executable_path/Frameworks",
					"@loader_path/Frameworks",
				);
				PRODUCT_BUNDLE_IDENTIFIER = rcayers.iOSweepUITests;
				PRODUCT_NAME = "$(TARGET_NAME)";
				SWIFT_VERSION = 5.0;
				TARGETED_DEVICE_FAMILY = "1,2";
				TEST_TARGET_NAME = iOSweep;
			};
			name = Release;
		};
/* End XCBuildConfiguration section */

/* Begin XCConfigurationList section */
		3F56403C2503730700696E49 /* Build configuration list for PBXProject "iOSweep" */ = {
			isa = XCConfigurationList;
			buildConfigurations = (
				3F56406D2503730D00696E49 /* Debug */,
				3F56406E2503730D00696E49 /* Release */,
			);
			defaultConfigurationIsVisible = 0;
			defaultConfigurationName = Release;
		};
		3F56406F2503730D00696E49 /* Build configuration list for PBXNativeTarget "iOSweep" */ = {
			isa = XCConfigurationList;
			buildConfigurations = (
				3F5640702503730D00696E49 /* Debug */,
				3F5640712503730D00696E49 /* Release */,
			);
			defaultConfigurationIsVisible = 0;
			defaultConfigurationName = Release;
		};
		3F5640722503730D00696E49 /* Build configuration list for PBXNativeTarget "iOSweepTests" */ = {
			isa = XCConfigurationList;
			buildConfigurations = (
				3F5640732503730D00696E49 /* Debug */,
				3F5640742503730D00696E49 /* Release */,
			);
			defaultConfigurationIsVisible = 0;
			defaultConfigurationName = Release;
		};
		3F5640752503730D00696E49 /* Build configuration list for PBXNativeTarget "iOSweepUITests" */ = {
			isa = XCConfigurationList;
			buildConfigurations = (
				3F5640762503730D00696E49 /* Debug */,
				3F5640772503730D00696E49 /* Release */,
			);
			defaultConfigurationIsVisible = 0;
			defaultConfigurationName = Release;
		};
/* End XCConfigurationList section */
	};
	rootObject = 3F5640392503730700696E49 /* Project object */;
}
